
Microsoft Visual Studio Solution File, Format Version 12.00
# Visual Studio Version 16
VisualStudioVersion = 16.0.31112.23
MinimumVisualStudioVersion = 10.0.40219.1
Project("{9A19103F-16F7-4668-BE54-9A1E7A4F7556}") = "ITAssetManager.Data", "ITAssetManager.Data\ITAssetManager.Data.csproj", "{D2940094-2DA4-41FB-ADCF-D51777EBD366}"
EndProject
Project("{9A19103F-16F7-4668-BE54-9A1E7A4F7556}") = "ITAssetManager.Web", "ITAssetManager.Web\ITAssetManager.Web.csproj", "{B0B78974-0A1F-4A5B-AB05-56A6853E3545}"
EndProject
Global
	GlobalSection(SolutionConfigurationPlatforms) = preSolution
		Debug|Any CPU = Debug|Any CPU
		Release|Any CPU = Release|Any CPU
	EndGlobalSection
	GlobalSection(ProjectConfigurationPlatforms) = postSolution
		{D2940094-2DA4-41FB-ADCF-D51777EBD366}.Debug|Any CPU.ActiveCfg = Debug|Any CPU
		{D2940094-2DA4-41FB-ADCF-D51777EBD366}.Debug|Any CPU.Build.0 = Debug|Any CPU
		{D2940094-2DA4-41FB-ADCF-D51777EBD366}.Release|Any CPU.ActiveCfg = Release|Any CPU
		{D2940094-2DA4-41FB-ADCF-D51777EBD366}.Release|Any CPU.Build.0 = Release|Any CPU
		{B0B78974-0A1F-4A5B-AB05-56A6853E3545}.Debug|Any CPU.ActiveCfg = Debug|Any CPU
		{B0B78974-0A1F-4A5B-AB05-56A6853E3545}.Debug|Any CPU.Build.0 = Debug|Any CPU
		{B0B78974-0A1F-4A5B-AB05-56A6853E3545}.Release|Any CPU.ActiveCfg = Release|Any CPU
		{B0B78974-0A1F-4A5B-AB05-56A6853E3545}.Release|Any CPU.Build.0 = Release|Any CPU
	EndGlobalSection
	GlobalSection(SolutionProperties) = preSolution
		HideSolutionNode = FALSE
	EndGlobalSection
	GlobalSection(ExtensibilityGlobals) = postSolution
		SolutionGuid = {D3F07F62-7ADE-4426-84FF-BFB229824A98}
	EndGlobalSection
EndGlobal
